
Microsoft Visual Studio Solution File, Format Version 12.00
# Visual Studio 15
VisualStudioVersion = 15.0.27703.2000
MinimumVisualStudioVersion = 10.0.40219.1
Project("{FAE04EC0-301F-11D3-BF4B-00C04F79EFBC}") = "ImageManager", "ImageManager\ImageManager.csproj", "{047EAEB3-E843-4979-9831-715F2E5CFDEE}"
EndProject
Project("{FAE04EC0-301F-11D3-BF4B-00C04F79EFBC}") = "WpfApp1", "WpfApp1\WpfApp1.csproj", "{A0BAF9D3-EAE6-4BE2-AB6D-4C040B8F40ED}"
EndProject
Global
	GlobalSection(SolutionConfigurationPlatforms) = preSolution
		Debug|Any CPU = Debug|Any CPU
		Debug|x64 = Debug|x64
		Debug|x86 = Debug|x86
		Release|Any CPU = Release|Any CPU
		Release|x64 = Release|x64
		Release|x86 = Release|x86
	EndGlobalSection
	GlobalSection(ProjectConfigurationPlatforms) = postSolution
		{047EAEB3-E843-4979-9831-715F2E5CFDEE}.Debug|Any CPU.ActiveCfg = Debug|Any CPU
		{047EAEB3-E843-4979-9831-715F2E5CFDEE}.Debug|Any CPU.Build.0 = Debug|Any CPU
		{047EAEB3-E843-4979-9831-715F2E5CFDEE}.Debug|x64.ActiveCfg = Debug|Any CPU
		{047EAEB3-E843-4979-9831-715F2E5CFDEE}.Debug|x64.Build.0 = Debug|Any CPU
		{047EAEB3-E843-4979-9831-715F2E5CFDEE}.Debug|x86.ActiveCfg = Debug|Any CPU
		{047EAEB3-E843-4979-9831-715F2E5CFDEE}.Debug|x86.Build.0 = Debug|Any CPU
		{047EAEB3-E843-4979-9831-715F2E5CFDEE}.Release|Any CPU.ActiveCfg = Release|Any CPU
		{047EAEB3-E843-4979-9831-715F2E5CFDEE}.Release|Any CPU.Build.0 = Release|Any CPU
		{047EAEB3-E843-4979-9831-715F2E5CFDEE}.Release|x64.ActiveCfg = Release|Any CPU
		{047EAEB3-E843-4979-9831-715F2E5CFDEE}.Release|x64.Build.0 = Release|Any CPU
		{047EAEB3-E843-4979-9831-715F2E5CFDEE}.Release|x86.ActiveCfg = Release|Any CPU
		{047EAEB3-E843-4979-9831-715F2E5CFDEE}.Release|x86.Build.0 = Release|Any CPU
		{A0BAF9D3-EAE6-4BE2-AB6D-4C040B8F40ED}.Debug|Any CPU.ActiveCfg = Debug|Any CPU
		{A0BAF9D3-EAE6-4BE2-AB6D-4C040B8F40ED}.Debug|Any CPU.Build.0 = Debug|Any CPU
		{A0BAF9D3-EAE6-4BE2-AB6D-4C040B8F40ED}.Debug|x64.ActiveCfg = Debug|Any CPU
		{A0BAF9D3-EAE6-4BE2-AB6D-4C040B8F40ED}.Debug|x64.Build.0 = Debug|Any CPU
		{A0BAF9D3-EAE6-4BE2-AB6D-4C040B8F40ED}.Debug|x86.ActiveCfg = Debug|Any CPU
		{A0BAF9D3-EAE6-4BE2-AB6D-4C040B8F40ED}.Debug|x86.Build.0 = Debug|Any CPU
		{A0BAF9D3-EAE6-4BE2-AB6D-4C040B8F40ED}.Release|Any CPU.ActiveCfg = Release|Any CPU
		{A0BAF9D3-EAE6-4BE2-AB6D-4C040B8F40ED}.Release|Any CPU.Build.0 = Release|Any CPU
		{A0BAF9D3-EAE6-4BE2-AB6D-4C040B8F40ED}.Release|x64.ActiveCfg = Release|Any CPU
		{A0BAF9D3-EAE6-4BE2-AB6D-4C040B8F40ED}.Release|x64.Build.0 = Release|Any CPU
		{A0BAF9D3-EAE6-4BE2-AB6D-4C040B8F40ED}.Release|x86.ActiveCfg = Release|Any CPU
		{A0BAF9D3-EAE6-4BE2-AB6D-4C040B8F40ED}.Release|x86.Build.0 = Release|Any CPU
	EndGlobalSection
	GlobalSection(SolutionProperties) = preSolution
		HideSolutionNode = FALSE
	EndGlobalSection
	GlobalSection(ExtensibilityGlobals) = postSolution
		SolutionGuid = {5D8619EB-E3CD-4C94-AC1E-64B1293B9DD4}
	EndGlobalSection
	GlobalSection(Performance) = preSolution
		HasPerformanceSessions = true
	EndGlobalSection
EndGlobal
